Microsoft Visual Studio Solution File, Format Version 12.00
# Visual Studio Version 17
VisualStudioVersion = 17.5.2.0
MinimumVisualStudioVersion = 10.0.40219.1
Project("{FAE04EC0-301F-11D3-BF4B-00C04F79EFBC}") = "pagadito-updater-service", "pagadito-updater-service.csproj", "{AFFFD377-8878-1BA6-70BF-6E71421809CD}"
EndProject
Global
	GlobalSection(SolutionConfigurationPlatforms) = preSolution
		Debug|Any CPU = Debug|Any CPU
		Release|Any CPU = Release|Any CPU
	EndGlobalSection
	GlobalSection(ProjectConfigurationPlatforms) = postSolution
		{AFFFD377-8878-1BA6-70BF-6E71421809CD}.Debug|Any CPU.ActiveCfg = Debug|Any CPU
		{AFFFD377-8878-1BA6-70BF-6E71421809CD}.Debug|Any CPU.Build.0 = Debug|Any CPU
		{AFFFD377-8878-1BA6-70BF-6E71421809CD}.Release|Any CPU.ActiveCfg = Release|Any CPU
		{AFFFD377-8878-1BA6-70BF-6E71421809CD}.Release|Any CPU.Build.0 = Release|Any CPU
	EndGlobalSection
	GlobalSection(SolutionProperties) = preSolution
		HideSolutionNode = FALSE
	EndGlobalSection
	GlobalSection(ExtensibilityGlobals) = postSolution
		SolutionGuid = {EB4CA36F-1CAF-4912-8602-9ADFF0952752}
	EndGlobalSection
EndGlobal
